
Microsoft Visual Studio Solution File, Format Version 12.00
# Visual Studio 15
VisualStudioVersion = 15.0.27703.2000
MinimumVisualStudioVersion = 10.0.40219.1
Project("{FAE04EC0-301F-11D3-BF4B-00C04F79EFBC}") = "Wanderer", "Wanderer\Wanderer.csproj", "{0EF36585-9113-447A-B8D2-A73B2720B361}"
EndProject
Global
	GlobalSection(SolutionConfigurationPlatforms) = preSolution
		Debug|Any CPU = Debug|Any CPU
		Release|Any CPU = Release|Any CPU
	EndGlobalSection
	GlobalSection(ProjectConfigurationPlatforms) = postSolution
		{0EF36585-9113-447A-B8D2-A73B2720B361}.Debug|Any CPU.ActiveCfg = Debug|Any CPU
		{0EF36585-9113-447A-B8D2-A73B2720B361}.Debug|Any CPU.Build.0 = Debug|Any CPU
		{0EF36585-9113-447A-B8D2-A73B2720B361}.Release|Any CPU.ActiveCfg = Release|Any CPU
		{0EF36585-9113-447A-B8D2-A73B2720B361}.Release|Any CPU.Build.0 = Release|Any CPU
	EndGlobalSection
	GlobalSection(SolutionProperties) = preSolution
		HideSolutionNode = FALSE
	EndGlobalSection
	GlobalSection(ExtensibilityGlobals) = postSolution
		SolutionGuid = {3D340C1F-BF6E-4921-896D-9AABC72488C9}
	EndGlobalSection
EndGlobal
