
Microsoft Visual Studio Solution File, Format Version 12.00
# Visual Studio 2012
Project("{FAE04EC0-301F-11D3-BF4B-00C04F79EFBC}") = "BlogPost", "BlogPost\BlogPost.csproj", "{AE7FF06E-CDDF-4E06-8BB6-5C974E036D7B}"
EndProject
Global
	GlobalSection(SolutionConfigurationPlatforms) = preSolution
		Debug|x86 = Debug|x86
		Release|x86 = Release|x86
	EndGlobalSection
	GlobalSection(ProjectConfigurationPlatforms) = postSolution
		{AE7FF06E-CDDF-4E06-8BB6-5C974E036D7B}.Debug|x86.ActiveCfg = Debug|x86
		{AE7FF06E-CDDF-4E06-8BB6-5C974E036D7B}.Debug|x86.Build.0 = Debug|x86
		{AE7FF06E-CDDF-4E06-8BB6-5C974E036D7B}.Release|x86.ActiveCfg = Release|x86
		{AE7FF06E-CDDF-4E06-8BB6-5C974E036D7B}.Release|x86.Build.0 = Release|x86
	EndGlobalSection
EndGlobal
